
Microsoft Visual Studio Solution File, Format Version 12.00
# Visual Studio Version 17
VisualStudioVersion = 17.9.34728.123
MinimumVisualStudioVersion = 10.0.40219.1
Project("{9A19103F-16F7-4668-BE54-9A1E7A4F7556}") = "DrKlinik.Server", "Server\DrKlinik.Server.csproj", "{076C5483-5181-4F7C-913D-F850702F022E}"
EndProject
Project("{9A19103F-16F7-4668-BE54-9A1E7A4F7556}") = "DrKlinik.Client", "Client\DrKlinik.Client.csproj", "{39CC223E-F7B4-440E-AF89-6A0C2235CC74}"
EndProject
Project("{9A19103F-16F7-4668-BE54-9A1E7A4F7556}") = "DrKlinik.Shared", "Shared\DrKlinik.Shared.csproj", "{FA4F4AA5-8EF8-48FC-90A6-4E234773E6AE}"
EndProject
Project("{9A19103F-16F7-4668-BE54-9A1E7A4F7556}") = "Diagnoser", "Diagnoser\Diagnoser.csproj", "{3C40A9DC-9784-4428-8029-6C97DFC9D1B1}"
EndProject
Project("{9A19103F-16F7-4668-BE54-9A1E7A4F7556}") = "DiseaseFinderApi", "DiseaseFinderApi\DiseaseFinderApi.csproj", "{D24EDAD3-22EA-48D6-9CA5-85BDBFB65A0E}"
EndProject
Project("{9A19103F-16F7-4668-BE54-9A1E7A4F7556}") = "Sample_WebApForDiagnosis", "..\Sample_WebApForDiagnosis\Sample_WebApForDiagnosis.csproj", "{D5DE67AB-3FAA-4820-956B-ABB9EA741CD4}"
EndProject
Global
	GlobalSection(SolutionConfigurationPlatforms) = preSolution
		Debug|Any CPU = Debug|Any CPU
		Release|Any CPU = Release|Any CPU
	EndGlobalSection
	GlobalSection(ProjectConfigurationPlatforms) = postSolution
		{076C5483-5181-4F7C-913D-F850702F022E}.Debug|Any CPU.ActiveCfg = Debug|Any CPU
		{076C5483-5181-4F7C-913D-F850702F022E}.Debug|Any CPU.Build.0 = Debug|Any CPU
		{076C5483-5181-4F7C-913D-F850702F022E}.Release|Any CPU.ActiveCfg = Release|Any CPU
		{076C5483-5181-4F7C-913D-F850702F022E}.Release|Any CPU.Build.0 = Release|Any CPU
		{39CC223E-F7B4-440E-AF89-6A0C2235CC74}.Debug|Any CPU.ActiveCfg = Debug|Any CPU
		{39CC223E-F7B4-440E-AF89-6A0C2235CC74}.Debug|Any CPU.Build.0 = Debug|Any CPU
		{39CC223E-F7B4-440E-AF89-6A0C2235CC74}.Release|Any CPU.ActiveCfg = Release|Any CPU
		{39CC223E-F7B4-440E-AF89-6A0C2235CC74}.Release|Any CPU.Build.0 = Release|Any CPU
		{FA4F4AA5-8EF8-48FC-90A6-4E234773E6AE}.Debug|Any CPU.ActiveCfg = Debug|Any CPU
		{FA4F4AA5-8EF8-48FC-90A6-4E234773E6AE}.Debug|Any CPU.Build.0 = Debug|Any CPU
		{FA4F4AA5-8EF8-48FC-90A6-4E234773E6AE}.Release|Any CPU.ActiveCfg = Release|Any CPU
		{FA4F4AA5-8EF8-48FC-90A6-4E234773E6AE}.Release|Any CPU.Build.0 = Release|Any CPU
		{3C40A9DC-9784-4428-8029-6C97DFC9D1B1}.Debug|Any CPU.ActiveCfg = Debug|Any CPU
		{3C40A9DC-9784-4428-8029-6C97DFC9D1B1}.Debug|Any CPU.Build.0 = Debug|Any CPU
		{3C40A9DC-9784-4428-8029-6C97DFC9D1B1}.Release|Any CPU.ActiveCfg = Release|Any CPU
		{3C40A9DC-9784-4428-8029-6C97DFC9D1B1}.Release|Any CPU.Build.0 = Release|Any CPU
		{D24EDAD3-22EA-48D6-9CA5-85BDBFB65A0E}.Debug|Any CPU.ActiveCfg = Debug|Any CPU
		{D24EDAD3-22EA-48D6-9CA5-85BDBFB65A0E}.Debug|Any CPU.Build.0 = Debug|Any CPU
		{D24EDAD3-22EA-48D6-9CA5-85BDBFB65A0E}.Release|Any CPU.ActiveCfg = Release|Any CPU
		{D24EDAD3-22EA-48D6-9CA5-85BDBFB65A0E}.Release|Any CPU.Build.0 = Release|Any CPU
		{D5DE67AB-3FAA-4820-956B-ABB9EA741CD4}.Debug|Any CPU.ActiveCfg = Debug|Any CPU
		{D5DE67AB-3FAA-4820-956B-ABB9EA741CD4}.Debug|Any CPU.Build.0 = Debug|Any CPU
		{D5DE67AB-3FAA-4820-956B-ABB9EA741CD4}.Release|Any CPU.ActiveCfg = Release|Any CPU
		{D5DE67AB-3FAA-4820-956B-ABB9EA741CD4}.Release|Any CPU.Build.0 = Release|Any CPU
	EndGlobalSection
	GlobalSection(SolutionProperties) = preSolution
		HideSolutionNode = FALSE
	EndGlobalSection
	GlobalSection(ExtensibilityGlobals) = postSolution
		SolutionGuid = {0739518C-A828-436A-95CB-5EC11FAA271B}
	EndGlobalSection
EndGlobal
